
Microsoft Visual Studio Solution File, Format Version 12.00
# Visual Studio Version 17
VisualStudioVersion = 17.14.36623.8 d17.14
MinimumVisualStudioVersion = 10.0.40219.1
Project("{FAE04EC0-301F-11D3-BF4B-00C04F79EFBC}") = "ACT2_CRUD___Casan", "ACT2_CRUD___Casan\ACT2_CRUD___Casan.csproj", "{EA82D18F-60B4-4994-A7CA-1CEA27D0E00D}"
EndProject
Global
	GlobalSection(SolutionConfigurationPlatforms) = preSolution
		Debug|Any CPU = Debug|Any CPU
		Release|Any CPU = Release|Any CPU
	EndGlobalSection
	GlobalSection(ProjectConfigurationPlatforms) = postSolution
		{EA82D18F-60B4-4994-A7CA-1CEA27D0E00D}.Debug|Any CPU.ActiveCfg = Debug|Any CPU
		{EA82D18F-60B4-4994-A7CA-1CEA27D0E00D}.Debug|Any CPU.Build.0 = Debug|Any CPU
		{EA82D18F-60B4-4994-A7CA-1CEA27D0E00D}.Release|Any CPU.ActiveCfg = Release|Any CPU
		{EA82D18F-60B4-4994-A7CA-1CEA27D0E00D}.Release|Any CPU.Build.0 = Release|Any CPU
	EndGlobalSection
	GlobalSection(SolutionProperties) = preSolution
		HideSolutionNode = FALSE
	EndGlobalSection
	GlobalSection(ExtensibilityGlobals) = postSolution
		SolutionGuid = {2DAFA479-DE8C-42FF-993D-4797DA5F762D}
	EndGlobalSection
EndGlobal
